
Microsoft Visual Studio Solution File, Format Version 12.00
# Visual Studio Version 17
VisualStudioVersion = 17.2.32630.192
MinimumVisualStudioVersion = 10.0.40219.1
Project("{9092AA53-FB77-4645-B42D-1CCCA6BD08BD}") = "DK-C++", "DK-C++.njsproj", "{EE4D301C-865E-481A-881E-6B7065AB3851}"
EndProject
Global
	GlobalSection(SolutionConfigurationPlatforms) = preSolution
		Debug|Any CPU = Debug|Any CPU
		Release|Any CPU = Release|Any CPU
	EndGlobalSection
	GlobalSection(ProjectConfigurationPlatforms) = postSolution
		{EE4D301C-865E-481A-881E-6B7065AB3851}.Debug|Any CPU.ActiveCfg = Debug|Any CPU
		{EE4D301C-865E-481A-881E-6B7065AB3851}.Debug|Any CPU.Build.0 = Debug|Any CPU
		{EE4D301C-865E-481A-881E-6B7065AB3851}.Release|Any CPU.ActiveCfg = Release|Any CPU
		{EE4D301C-865E-481A-881E-6B7065AB3851}.Release|Any CPU.Build.0 = Release|Any CPU
	EndGlobalSection
	GlobalSection(SolutionProperties) = preSolution
		HideSolutionNode = FALSE
	EndGlobalSection
	GlobalSection(ExtensibilityGlobals) = postSolution
		SolutionGuid = {2F404699-7BA3-446F-8F4D-F7283988835C}
	EndGlobalSection
EndGlobal
